
Microsoft Visual Studio Solution File, Format Version 12.00
# Visual Studio Version 17
VisualStudioVersion = 17.9.34728.123
MinimumVisualStudioVersion = 10.0.40219.1
Project("{9A19103F-16F7-4668-BE54-9A1E7A4F7556}") = "RentCar.Api", "RentCar.Api\RentCar.Api.csproj", "{4226544B-46F1-454E-B6C8-14454E429826}"
EndProject
Project("{9A19103F-16F7-4668-BE54-9A1E7A4F7556}") = "RentCar.Core", "RentCar.Core\RentCar.Core.csproj", "{6747115A-F32A-46D6-88B1-9E4221234ADC}"
EndProject
Project("{9A19103F-16F7-4668-BE54-9A1E7A4F7556}") = "RentCar.Infraestructure", "RentCar.Infraestructure\RentCar.Infraestructure.csproj", "{511D7EAA-F43F-4759-AF04-C2002A1F6919}"
EndProject
Global
	GlobalSection(SolutionConfigurationPlatforms) = preSolution
		Debug|Any CPU = Debug|Any CPU
		Release|Any CPU = Release|Any CPU
	EndGlobalSection
	GlobalSection(ProjectConfigurationPlatforms) = postSolution
		{4226544B-46F1-454E-B6C8-14454E429826}.Debug|Any CPU.ActiveCfg = Debug|Any CPU
		{4226544B-46F1-454E-B6C8-14454E429826}.Debug|Any CPU.Build.0 = Debug|Any CPU
		{4226544B-46F1-454E-B6C8-14454E429826}.Release|Any CPU.ActiveCfg = Release|Any CPU
		{4226544B-46F1-454E-B6C8-14454E429826}.Release|Any CPU.Build.0 = Release|Any CPU
		{6747115A-F32A-46D6-88B1-9E4221234ADC}.Debug|Any CPU.ActiveCfg = Debug|Any CPU
		{6747115A-F32A-46D6-88B1-9E4221234ADC}.Debug|Any CPU.Build.0 = Debug|Any CPU
		{6747115A-F32A-46D6-88B1-9E4221234ADC}.Release|Any CPU.ActiveCfg = Release|Any CPU
		{6747115A-F32A-46D6-88B1-9E4221234ADC}.Release|Any CPU.Build.0 = Release|Any CPU
		{511D7EAA-F43F-4759-AF04-C2002A1F6919}.Debug|Any CPU.ActiveCfg = Debug|Any CPU
		{511D7EAA-F43F-4759-AF04-C2002A1F6919}.Debug|Any CPU.Build.0 = Debug|Any CPU
		{511D7EAA-F43F-4759-AF04-C2002A1F6919}.Release|Any CPU.ActiveCfg = Release|Any CPU
		{511D7EAA-F43F-4759-AF04-C2002A1F6919}.Release|Any CPU.Build.0 = Release|Any CPU
	EndGlobalSection
	GlobalSection(SolutionProperties) = preSolution
		HideSolutionNode = FALSE
	EndGlobalSection
	GlobalSection(ExtensibilityGlobals) = postSolution
		SolutionGuid = {8BE40A9A-DBE5-4310-83D4-8EDD5F9C4F95}
	EndGlobalSection
EndGlobal
